// !$*UTF8*$!
{
	archiveVersion = 1;
	classes = {
	};
	objectVersion = 56;
	objects = {

/* Begin PBXBuildFile section */
		EF0D8E6B2CFA4A8400F1ED63 /* AppDelegate.swift in Sources */ = {isa = PBXBuildFile; fileRef = EF0D8E6A2CFA4A8400F1ED63 /* AppDelegate.swift */; };
		EF0D8E6D2CFA4A8400F1ED63 /* SceneDelegate.swift in Sources */ = {isa = PBXBuildFile; fileRef = EF0D8E6C2CFA4A8400F1ED63 /* SceneDelegate.swift */; };
		EF0D8E6F2CFA4A8400F1ED63 /* ViewController.swift in Sources */ = {isa = PBXBuildFile; fileRef = EF0D8E6E2CFA4A8400F1ED63 /* ViewController.swift */; };
		EF0D8E722CFA4A8400F1ED63 /* Main.storyboard in Resources */ = {isa = PBXBuildFile; fileRef = EF0D8E702CFA4A8400F1ED63 /* Main.storyboard */; };
		EF0D8E742CFA4A8900F1ED63 /* Assets.xcassets in Resources */ = {isa = PBXBuildFile; fileRef = EF0D8E732CFA4A8900F1ED63 /* Assets.xcassets */; };
		EF0D8E772CFA4A8900F1ED63 /* LaunchScreen.storyboard in Resources */ = {isa = PBXBuildFile; fileRef = EF0D8E752CFA4A8900F1ED63 /* LaunchScreen.storyboard */; };
		EF0D8E822CFA4A8A00F1ED63 /* GitReposAppTests.swift in Sources */ = {isa = PBXBuildFile; fileRef = EF0D8E812CFA4A8A00F1ED63 /* GitReposAppTests.swift */; };
		EF0D8E8C2CFA4A8A00F1ED63 /* GitReposAppUITests.swift in Sources */ = {isa = PBXBuildFile; fileRef = EF0D8E8B2CFA4A8A00F1ED63 /* GitReposAppUITests.swift */; };
		EF0D8E8E2CFA4A8A00F1ED63 /* GitReposAppUITestsLaunchTests.swift in Sources */ = {isa = PBXBuildFile; fileRef = EF0D8E8D2CFA4A8A00F1ED63 /* GitReposAppUITestsLaunchTests.swift */; };
/* End PBXBuildFile section */

/* Begin PBXContainerItemProxy section */
		EF0D8E7E2CFA4A8A00F1ED63 /* PBXContainerItemProxy */ = {
			isa = PBXContainerItemProxy;
			containerPortal = EF0D8E5F2CFA4A8400F1ED63 /* Project object */;
			proxyType = 1;
			remoteGlobalIDString = EF0D8E662CFA4A8400F1ED63;
			remoteInfo = GitReposApp;
		};
		EF0D8E882CFA4A8A00F1ED63 /* PBXContainerItemProxy */ = {
			isa = PBXContainerItemProxy;
			containerPortal = EF0D8E5F2CFA4A8400F1ED63 /* Project object */;
			proxyType = 1;
			remoteGlobalIDString = EF0D8E662CFA4A8400F1ED63;
			remoteInfo = GitReposApp;
		};
/* End PBXContainerItemProxy section */

/* Begin PBXFileReference section */
		EF0D8E672CFA4A8400F1ED63 /* GitReposApp.app */ = {isa = PBXFileReference; explicitFileType = wrapper.application; includeInIndex = 0; path = GitReposApp.app; sourceTree = BUILT_PRODUCTS_DIR; };
		EF0D8E6A2CFA4A8400F1ED63 /* AppDelegate.swift */ = {isa = PBXFileReference; lastKnownFileType = sourcecode.swift; path = AppDelegate.swift; sourceTree = "<group>"; };
		EF0D8E6C2CFA4A8400F1ED63 /* SceneDelegate.swift */ = {isa = PBXFileReference; lastKnownFileType = sourcecode.swift; path = SceneDelegate.swift; sourceTree = "<group>"; };
		EF0D8E6E2CFA4A8400F1ED63 /* ViewController.swift */ = {isa = PBXFileReference; lastKnownFileType = sourcecode.swift; path = ViewController.swift; sourceTree = "<group>"; };
		EF0D8E712CFA4A8400F1ED63 /* Base */ = {isa = PBXFileReference; lastKnownFileType = file.storyboard; name = Base; path = Base.lproj/Main.storyboard; sourceTree = "<group>"; };
		EF0D8E732CFA4A8900F1ED63 /* Assets.xcassets */ = {isa = PBXFileReference; lastKnownFileType = folder.assetcatalog; path = Assets.xcassets; sourceTree = "<group>"; };
		EF0D8E762CFA4A8900F1ED63 /* Base */ = {isa = PBXFileReference; lastKnownFileType = file.storyboard; name = Base; path = Base.lproj/LaunchScreen.storyboard; sourceTree = "<group>"; };
		EF0D8E782CFA4A8900F1ED63 /* Info.plist */ = {isa = PBXFileReference; lastKnownFileType = text.plist.xml; path = Info.plist; sourceTree = "<group>"; };
		EF0D8E7D2CFA4A8A00F1ED63 /* GitReposAppTests.xctest */ = {isa = PBXFileReference; explicitFileType = wrapper.cfbundle; includeInIndex = 0; path = GitReposAppTests.xctest; sourceTree = BUILT_PRODUCTS_DIR; };
		EF0D8E812CFA4A8A00F1ED63 /* GitReposAppTests.swift */ = {isa = PBXFileReference; lastKnownFileType = sourcecode.swift; path = GitReposAppTests.swift; sourceTree = "<group>"; };
		EF0D8E872CFA4A8A00F1ED63 /* GitReposAppUITests.xctest */ = {isa = PBXFileReference; explicitFileType = wrapper.cfbundle; includeInIndex = 0; path = GitReposAppUITests.xctest; sourceTree = BUILT_PRODUCTS_DIR; };
		EF0D8E8B2CFA4A8A00F1ED63 /* GitReposAppUITests.swift */ = {isa = PBXFileReference; lastKnownFileType = sourcecode.swift; path = GitReposAppUITests.swift; sourceTree = "<group>"; };
		EF0D8E8D2CFA4A8A00F1ED63 /* GitReposAppUITestsLaunchTests.swift */ = {isa = PBXFileReference; lastKnownFileType = sourcecode.swift; path = GitReposAppUITestsLaunchTests.swift; sourceTree = "<group>"; };
/* End PBXFileReference section */

/* Begin PBXFrameworksBuildPhase section */
		EF0D8E642CFA4A8400F1ED63 /* Frameworks */ = {
			isa = PBXFrameworksBuildPhase;
			buildActionMask = 2147483647;
			files = (
			);
			runOnlyForDeploymentPostprocessing = 0;
		};
		EF0D8E7A2CFA4A8A00F1ED63 /* Frameworks */ = {
			isa = PBXFrameworksBuildPhase;
			buildActionMask = 2147483647;
			files = (
			);
			runOnlyForDeploymentPostprocessing = 0;
		};
		EF0D8E842CFA4A8A00F1ED63 /* Frameworks */ = {
			isa = PBXFrameworksBuildPhase;
			buildActionMask = 2147483647;
			files = (
			);
			runOnlyForDeploymentPostprocessing = 0;
		};
/* End PBXFrameworksBuildPhase section */

/* Begin PBXGroup section */
		EF0D8E5E2CFA4A8400F1ED63 = {
			isa = PBXGroup;
			children = (
				EF0D8E692CFA4A8400F1ED63 /* GitReposApp */,
				EF0D8E802CFA4A8A00F1ED63 /* GitReposAppTests */,
				EF0D8E8A2CFA4A8A00F1ED63 /* GitReposAppUITests */,
				EF0D8E682CFA4A8400F1ED63 /* Products */,
			);
			sourceTree = "<group>";
		};
		EF0D8E682CFA4A8400F1ED63 /* Products */ = {
			isa = PBXGroup;
			children = (
				EF0D8E672CFA4A8400F1ED63 /* GitReposApp.app */,
				EF0D8E7D2CFA4A8A00F1ED63 /* GitReposAppTests.xctest */,
				EF0D8E872CFA4A8A00F1ED63 /* GitReposAppUITests.xctest */,
			);
			name = Products;
			sourceTree = "<group>";
		};
		EF0D8E692CFA4A8400F1ED63 /* GitReposApp */ = {
			isa = PBXGroup;
			children = (
				EF0D8E6A2CFA4A8400F1ED63 /* AppDelegate.swift */,
				EF0D8E6C2CFA4A8400F1ED63 /* SceneDelegate.swift */,
				EF0D8E6E2CFA4A8400F1ED63 /* ViewController.swift */,
				EF0D8E702CFA4A8400F1ED63 /* Main.storyboard */,
				EF0D8E732CFA4A8900F1ED63 /* Assets.xcassets */,
				EF0D8E752CFA4A8900F1ED63 /* LaunchScreen.storyboard */,
				EF0D8E782CFA4A8900F1ED63 /* Info.plist */,
			);
			path = GitReposApp;
			sourceTree = "<group>";
		};
		EF0D8E802CFA4A8A00F1ED63 /* GitReposAppTests */ = {
			isa = PBXGroup;
			children = (
				EF0D8E812CFA4A8A00F1ED63 /* GitReposAppTests.swift */,
			);
			path = GitReposAppTests;
			sourceTree = "<group>";
		};
		EF0D8E8A2CFA4A8A00F1ED63 /* GitReposAppUITests */ = {
			isa = PBXGroup;
			children = (
				EF0D8E8B2CFA4A8A00F1ED63 /* GitReposAppUITests.swift */,
				EF0D8E8D2CFA4A8A00F1ED63 /* GitReposAppUITestsLaunchTests.swift */,
			);
			path = GitReposAppUITests;
			sourceTree = "<group>";
		};
/* End PBXGroup section */

/* Begin PBXNativeTarget section */
		EF0D8E662CFA4A8400F1ED63 /* GitReposApp */ = {
			isa = PBXNativeTarget;
			buildConfigurationList = EF0D8E912CFA4A8A00F1ED63 /* Build configuration list for PBXNativeTarget "GitReposApp" */;
			buildPhases = (
				EF0D8E632CFA4A8400F1ED63 /* Sources */,
				EF0D8E642CFA4A8400F1ED63 /* Frameworks */,
				EF0D8E652CFA4A8400F1ED63 /* Resources */,
			);
			buildRules = (
			);
			dependencies = (
			);
			name = GitReposApp;
			productName = GitReposApp;
			productReference = EF0D8E672CFA4A8400F1ED63 /* GitReposApp.app */;
			productType = "com.apple.product-type.application";
		};
		EF0D8E7C2CFA4A8A00F1ED63 /* GitReposAppTests */ = {
			isa = PBXNativeTarget;
			buildConfigurationList = EF0D8E942CFA4A8A00F1ED63 /* Build configuration list for PBXNativeTarget "GitReposAppTests" */;
			buildPhases = (
				EF0D8E792CFA4A8A00F1ED63 /* Sources */,
				EF0D8E7A2CFA4A8A00F1ED63 /* Frameworks */,
				EF0D8E7B2CFA4A8A00F1ED63 /* Resources */,
			);
			buildRules = (
			);
			dependencies = (
				EF0D8E7F2CFA4A8A00F1ED63 /* PBXTargetDependency */,
			);
			name = GitReposAppTests;
			productName = GitReposAppTests;
			productReference = EF0D8E7D2CFA4A8A00F1ED63 /* GitReposAppTests.xctest */;
			productType = "com.apple.product-type.bundle.unit-test";
		};
		EF0D8E862CFA4A8A00F1ED63 /* GitReposAppUITests */ = {
			isa = PBXNativeTarget;
			buildConfigurationList = EF0D8E972CFA4A8A00F1ED63 /* Build configuration list for PBXNativeTarget "GitReposAppUITests" */;
			buildPhases = (
				EF0D8E832CFA4A8A00F1ED63 /* Sources */,
				EF0D8E842CFA4A8A00F1ED63 /* Frameworks */,
				EF0D8E852CFA4A8A00F1ED63 /* Resources */,
			);
			buildRules = (
			);
			dependencies = (
				EF0D8E892CFA4A8A00F1ED63 /* PBXTargetDependency */,
			);
			name = GitReposAppUITests;
			productName = GitReposAppUITests;
			productReference = EF0D8E872CFA4A8A00F1ED63 /* GitReposAppUITests.xctest */;
			productType = "com.apple.product-type.bundle.ui-testing";
		};
/* End PBXNativeTarget section */

/* Begin PBXProject section */
		EF0D8E5F2CFA4A8400F1ED63 /* Project object */ = {
			isa = PBXProject;
			attributes = {
				BuildIndependentTargetsInParallel = 1;
				LastSwiftUpdateCheck = 1430;
				LastUpgradeCheck = 1430;
				TargetAttributes = {
					EF0D8E662CFA4A8400F1ED63 = {
						CreatedOnToolsVersion = 14.3.1;
					};
					EF0D8E7C2CFA4A8A00F1ED63 = {
						CreatedOnToolsVersion = 14.3.1;
						TestTargetID = EF0D8E662CFA4A8400F1ED63;
					};
					EF0D8E862CFA4A8A00F1ED63 = {
						CreatedOnToolsVersion = 14.3.1;
						TestTargetID = EF0D8E662CFA4A8400F1ED63;
					};
				};
			};
			buildConfigurationList = EF0D8E622CFA4A8400F1ED63 /* Build configuration list for PBXProject "GitReposApp" */;
			compatibilityVersion = "Xcode 14.0";
			developmentRegion = en;
			hasScannedForEncodings = 0;
			knownRegions = (
				en,
				Base,
			);
			mainGroup = EF0D8E5E2CFA4A8400F1ED63;
			productRefGroup = EF0D8E682CFA4A8400F1ED63 /* Products */;
			projectDirPath = "";
			projectRoot = "";
			targets = (
				EF0D8E662CFA4A8400F1ED63 /* GitReposApp */,
				EF0D8E7C2CFA4A8A00F1ED63 /* GitReposAppTests */,
				EF0D8E862CFA4A8A00F1ED63 /* GitReposAppUITests */,
			);
		};
/* End PBXProject section */

/* Begin PBXResourcesBuildPhase section */
		EF0D8E652CFA4A8400F1ED63 /* Resources */ = {
			isa = PBXResourcesBuildPhase;
			buildActionMask = 2147483647;
			files = (
				EF0D8E772CFA4A8900F1ED63 /* LaunchScreen.storyboard in Resources */,
				EF0D8E742CFA4A8900F1ED63 /* Assets.xcassets in Resources */,
				EF0D8E722CFA4A8400F1ED63 /* Main.storyboard in Resources */,
			);
			runOnlyForDeploymentPostprocessing = 0;
		};
		EF0D8E7B2CFA4A8A00F1ED63 /* Resources */ = {
			isa = PBXResourcesBuildPhase;
			buildActionMask = 2147483647;
			files = (
			);
			runOnlyForDeploymentPostprocessing = 0;
		};
		EF0D8E852CFA4A8A00F1ED63 /* Resources */ = {
			isa = PBXResourcesBuildPhase;
			buildActionMask = 2147483647;
			files = (
			);
			runOnlyForDeploymentPostprocessing = 0;
		};
/* End PBXResourcesBuildPhase section */

/* Begin PBXSourcesBuildPhase section */
		EF0D8E632CFA4A8400F1ED63 /* Sources */ = {
			isa = PBXSourcesBuildPhase;
			buildActionMask = 2147483647;
			files = (
				EF0D8E6F2CFA4A8400F1ED63 /* ViewController.swift in Sources */,
				EF0D8E6B2CFA4A8400F1ED63 /* AppDelegate.swift in Sources */,
				EF0D8E6D2CFA4A8400F1ED63 /* SceneDelegate.swift in Sources */,
			);
			runOnlyForDeploymentPostprocessing = 0;
		};
		EF0D8E792CFA4A8A00F1ED63 /* Sources */ = {
			isa = PBXSourcesBuildPhase;
			buildActionMask = 2147483647;
			files = (
				EF0D8E822CFA4A8A00F1ED63 /* GitReposAppTests.swift in Sources */,
			);
			runOnlyForDeploymentPostprocessing = 0;
		};
		EF0D8E832CFA4A8A00F1ED63 /* Sources */ = {
			isa = PBXSourcesBuildPhase;
			buildActionMask = 2147483647;
			files = (
				EF0D8E8C2CFA4A8A00F1ED63 /* GitReposAppUITests.swift in Sources */,
				EF0D8E8E2CFA4A8A00F1ED63 /* GitReposAppUITestsLaunchTests.swift in Sources */,
			);
			runOnlyForDeploymentPostprocessing = 0;
		};
/* End PBXSourcesBuildPhase section */

/* Begin PBXTargetDependency section */
		EF0D8E7F2CFA4A8A00F1ED63 /* PBXTargetDependency */ = {
			isa = PBXTargetDependency;
			target = EF0D8E662CFA4A8400F1ED63 /* GitReposApp */;
			targetProxy = EF0D8E7E2CFA4A8A00F1ED63 /* PBXContainerItemProxy */;
		};
		EF0D8E892CFA4A8A00F1ED63 /* PBXTargetDependency */ = {
			isa = PBXTargetDependency;
			target = EF0D8E662CFA4A8400F1ED63 /* GitReposApp */;
			targetProxy = EF0D8E882CFA4A8A00F1ED63 /* PBXContainerItemProxy */;
		};
/* End PBXTargetDependency section */

/* Begin PBXVariantGroup section */
		EF0D8E702CFA4A8400F1ED63 /* Main.storyboard */ = {
			isa = PBXVariantGroup;
			children = (
				EF0D8E712CFA4A8400F1ED63 /* Base */,
			);
			name = Main.storyboard;
			sourceTree = "<group>";
		};
		EF0D8E752CFA4A8900F1ED63 /* LaunchScreen.storyboard */ = {
			isa = PBXVariantGroup;
			children = (
				EF0D8E762CFA4A8900F1ED63 /* Base */,
			);
			name = LaunchScreen.storyboard;
			sourceTree = "<group>";
		};
/* End PBXVariantGroup section */

/* Begin XCBuildConfiguration section */
		EF0D8E8F2CFA4A8A00F1ED63 /* Debug */ = {
			isa = XCBuildConfiguration;
			buildSettings = {
				ALWAYS_SEARCH_USER_PATHS = NO;
				CLANG_ANALYZER_NONNULL = YES;
				CLANG_ANALYZER_NUMBER_OBJECT_CONVERSION = YES_AGGRESSIVE;
				CLANG_CXX_LANGUAGE_STANDARD = "gnu++20";
				CLANG_ENABLE_MODULES = YES;
				CLANG_ENABLE_OBJC_ARC = YES;
				CLANG_ENABLE_OBJC_WEAK = YES;
				CLANG_WARN_BLOCK_CAPTURE_AUTORELEASING = YES;
				CLANG_WARN_BOOL_CONVERSION = YES;
				CLANG_WARN_COMMA = YES;
				CLANG_WARN_CONSTANT_CONVERSION = YES;
				CLANG_WARN_DEPRECATED_OBJC_IMPLEMENTATIONS = YES;
				CLANG_WARN_DIRECT_OBJC_ISA_USAGE = YES_ERROR;
				CLANG_WARN_DOCUMENTATION_COMMENTS = YES;
				CLANG_WARN_EMPTY_BODY = YES;
				CLANG_WARN_ENUM_CONVERSION = YES;
				CLANG_WARN_INFINITE_RECURSION = YES;
				CLANG_WARN_INT_CONVERSION = YES;
				CLANG_WARN_NON_LITERAL_NULL_CONVERSION = YES;
				CLANG_WARN_OBJC_IMPLICIT_RETAIN_SELF = YES;
				CLANG_WARN_OBJC_LITERAL_CONVERSION = YES;
				CLANG_WARN_OBJC_ROOT_CLASS = YES_ERROR;
				CLANG_WARN_QUOTED_INCLUDE_IN_FRAMEWORK_HEADER = YES;
				CLANG_WARN_RANGE_LOOP_ANALYSIS = YES;
				CLANG_WARN_STRICT_PROTOTYPES = YES;
				CLANG_WARN_SUSPICIOUS_MOVE = YES;
				CLANG_WARN_UNGUARDED_AVAILABILITY = YES_AGGRESSIVE;
				CLANG_WARN_UNREACHABLE_CODE = YES;
				CLANG_WARN__DUPLICATE_METHOD_MATCH = YES;
				COPY_PHASE_STRIP = NO;
				DEBUG_INFORMATION_FORMAT = dwarf;
				ENABLE_STRICT_OBJC_MSGSEND = YES;
				ENABLE_TESTABILITY = YES;
				GCC_C_LANGUAGE_STANDARD = gnu11;
				GCC_DYNAMIC_NO_PIC = NO;
				GCC_NO_COMMON_BLOCKS = YES;
				GCC_OPTIMIZATION_LEVEL = 0;
				GCC_PREPROCESSOR_DEFINITIONS = (
					"DEBUG=1",
					"$(inherited)",
				);
				GCC_WARN_64_TO_32_BIT_CONVERSION = YES;
				GCC_WARN_ABOUT_RETURN_TYPE = YES_ERROR;
				GCC_WARN_UNDECLARED_SELECTOR = YES;
				GCC_WARN_UNINITIALIZED_AUTOS = YES_AGGRESSIVE;
				GCC_WARN_UNUSED_FUNCTION = YES;
				GCC_WARN_UNUSED_VARIABLE = YES;
				IPHONEOS_DEPLOYMENT_TARGET = 16.4;
				MTL_ENABLE_DEBUG_INFO = INCLUDE_SOURCE;
				MTL_FAST_MATH = YES;
				ONLY_ACTIVE_ARCH = YES;
				SDKROOT = iphoneos;
				SWIFT_ACTIVE_COMPILATION_CONDITIONS = DEBUG;
				SWIFT_OPTIMIZATION_LEVEL = "-Onone";
			};
			name = Debug;
		};
		EF0D8E902CFA4A8A00F1ED63 /* Release */ = {
			isa = XCBuildConfiguration;
			buildSettings = {
				ALWAYS_SEARCH_USER_PATHS = NO;
				CLANG_ANALYZER_NONNULL = YES;
				CLANG_ANALYZER_NUMBER_OBJECT_CONVERSION = YES_AGGRESSIVE;
				CLANG_CXX_LANGUAGE_STANDARD = "gnu++20";
				CLANG_ENABLE_MODULES = YES;
				CLANG_ENABLE_OBJC_ARC = YES;
				CLANG_ENABLE_OBJC_WEAK = YES;
				CLANG_WARN_BLOCK_CAPTURE_AUTORELEASING = YES;
				CLANG_WARN_BOOL_CONVERSION = YES;
				CLANG_WARN_COMMA = YES;
				CLANG_WARN_CONSTANT_CONVERSION = YES;
				CLANG_WARN_DEPRECATED_OBJC_IMPLEMENTATIONS = YES;
				CLANG_WARN_DIRECT_OBJC_ISA_USAGE = YES_ERROR;
				CLANG_WARN_DOCUMENTATION_COMMENTS = YES;
				CLANG_WARN_EMPTY_BODY = YES;
				CLANG_WARN_ENUM_CONVERSION = YES;
				CLANG_WARN_INFINITE_RECURSION = YES;
				CLANG_WARN_INT_CONVERSION = YES;
				CLANG_WARN_NON_LITERAL_NULL_CONVERSION = YES;
				CLANG_WARN_OBJC_IMPLICIT_RETAIN_SELF = YES;
				CLANG_WARN_OBJC_LITERAL_CONVERSION = YES;
				CLANG_WARN_OBJC_ROOT_CLASS = YES_ERROR;
				CLANG_WARN_QUOTED_INCLUDE_IN_FRAMEWORK_HEADER = YES;
				CLANG_WARN_RANGE_LOOP_ANALYSIS = YES;
				CLANG_WARN_STRICT_PROTOTYPES = YES;
				CLANG_WARN_SUSPICIOUS_MOVE = YES;
				CLANG_WARN_UNGUARDED_AVAILABILITY = YES_AGGRESSIVE;
				CLANG_WARN_UNREACHABLE_CODE = YES;
				CLANG_WARN__DUPLICATE_METHOD_MATCH = YES;
				COPY_PHASE_STRIP = NO;
				DEBUG_INFORMATION_FORMAT = "dwarf-with-dsym";
				ENABLE_NS_ASSERTIONS = NO;
				ENABLE_STRICT_OBJC_MSGSEND = YES;
				GCC_C_LANGUAGE_STANDARD = gnu11;
				GCC_NO_COMMON_BLOCKS = YES;
				GCC_WARN_64_TO_32_BIT_CONVERSION = YES;
				GCC_WARN_ABOUT_RETURN_TYPE = YES_ERROR;
				GCC_WARN_UNDECLARED_SELECTOR = YES;
				GCC_WARN_UNINITIALIZED_AUTOS = YES_AGGRESSIVE;
				GCC_WARN_UNUSED_FUNCTION = YES;
				GCC_WARN_UNUSED_VARIABLE = YES;
				IPHONEOS_DEPLOYMENT_TARGET = 16.4;
				MTL_ENABLE_DEBUG_INFO = NO;
				MTL_FAST_MATH = YES;
				SDKROOT = iphoneos;
				SWIFT_COMPILATION_MODE = wholemodule;
				SWIFT_OPTIMIZATION_LEVEL = "-O";
				VALIDATE_PRODUCT = YES;
			};
			name = Release;
		};
		EF0D8E922CFA4A8A00F1ED63 /* Debug */ = {
			isa = XCBuildConfiguration;
			buildSettings = {
				ASSETCATALOG_COMPILER_APPICON_NAME = AppIcon;
				ASSETCATALOG_COMPILER_GLOBAL_ACCENT_COLOR_NAME = AccentColor;
				CODE_SIGN_STYLE = Automatic;
				CURRENT_PROJECT_VERSION = 1;
				DEVELOPMENT_TEAM = GGBRYLM9ZW;
				GENERATE_INFOPLIST_FILE = YES;
				INFOPLIST_FILE = GitReposApp/Info.plist;
				INFOPLIST_KEY_UIApplicationSupportsIndirectInputEvents = YES;
				INFOPLIST_KEY_UILaunchStoryboardName = LaunchScreen;
				INFOPLIST_KEY_UIMainStoryboardFile = Main;
				INFOPLIST_KEY_UISupportedInterfaceOrientations_iPad = "UIInterfaceOrientationPortrait UIInterfaceOrientationPortraitUpsideDown UIInterfaceOrientationLandscapeLeft UIInterfaceOrientationLandscapeRight";
				INFOPLIST_KEY_UISupportedInterfaceOrientations_iPhone = "UIInterfaceOrientationPortrait UIInterfaceOrientationLandscapeLeft UIInterfaceOrientationLandscapeRight";
				LD_RUNPATH_SEARCH_PATHS = (
					"$(inherited)",
					"@executable_path/Frameworks",
				);
				MARKETING_VERSION = 1.0;
				PRODUCT_BUNDLE_IDENTIFIER = dmitrijmartianov.GitReposApp;
				PRODUCT_NAME = "$(TARGET_NAME)";
				SWIFT_EMIT_LOC_STRINGS = YES;
				SWIFT_VERSION = 5.0;
				TARGETED_DEVICE_FAMILY = "1,2";
			};
			name = Debug;
		};
		EF0D8E932CFA4A8A00F1ED63 /* Release */ = {
			isa = XCBuildConfiguration;
			buildSettings = {
				ASSETCATALOG_COMPILER_APPICON_NAME = AppIcon;
				ASSETCATALOG_COMPILER_GLOBAL_ACCENT_COLOR_NAME = AccentColor;
				CODE_SIGN_STYLE = Automatic;
				CURRENT_PROJECT_VERSION = 1;
				DEVELOPMENT_TEAM = GGBRYLM9ZW;
				GENERATE_INFOPLIST_FILE = YES;
				INFOPLIST_FILE = GitReposApp/Info.plist;
				INFOPLIST_KEY_UIApplicationSupportsIndirectInputEvents = YES;
				INFOPLIST_KEY_UILaunchStoryboardName = LaunchScreen;
				INFOPLIST_KEY_UIMainStoryboardFile = Main;
				INFOPLIST_KEY_UISupportedInterfaceOrientations_iPad = "UIInterfaceOrientationPortrait UIInterfaceOrientationPortraitUpsideDown UIInterfaceOrientationLandscapeLeft UIInterfaceOrientationLandscapeRight";
				INFOPLIST_KEY_UISupportedInterfaceOrientations_iPhone = "UIInterfaceOrientationPortrait UIInterfaceOrientationLandscapeLeft UIInterfaceOrientationLandscapeRight";
				LD_RUNPATH_SEARCH_PATHS = (
					"$(inherited)",
					"@executable_path/Frameworks",
				);
				MARKETING_VERSION = 1.0;
				PRODUCT_BUNDLE_IDENTIFIER = dmitrijmartianov.GitReposApp;
				PRODUCT_NAME = "$(TARGET_NAME)";
				SWIFT_EMIT_LOC_STRINGS = YES;
				SWIFT_VERSION = 5.0;
				TARGETED_DEVICE_FAMILY = "1,2";
			};
			name = Release;
		};
		EF0D8E952CFA4A8A00F1ED63 /* Debug */ = {
			isa = XCBuildConfiguration;
			buildSettings = {
				ALWAYS_EMBED_SWIFT_STANDARD_LIBRARIES = YES;
				BUNDLE_LOADER = "$(TEST_HOST)";
				CODE_SIGN_STYLE = Automatic;
				CURRENT_PROJECT_VERSION = 1;
				DEVELOPMENT_TEAM = GGBRYLM9ZW;
				GENERATE_INFOPLIST_FILE = YES;
				IPHONEOS_DEPLOYMENT_TARGET = 16.4;
				MARKETING_VERSION = 1.0;
				PRODUCT_BUNDLE_IDENTIFIER = dmitrijmartianov.GitReposAppTests;
				PRODUCT_NAME = "$(TARGET_NAME)";
				SWIFT_EMIT_LOC_STRINGS = NO;
				SWIFT_VERSION = 5.0;
				TARGETED_DEVICE_FAMILY = "1,2";
				TEST_HOST = "$(BUILT_PRODUCTS_DIR)/GitReposApp.app/$(BUNDLE_EXECUTABLE_FOLDER_PATH)/GitReposApp";
			};
			name = Debug;
		};
		EF0D8E962CFA4A8A00F1ED63 /* Release */ = {
			isa = XCBuildConfiguration;
			buildSettings = {
				ALWAYS_EMBED_SWIFT_STANDARD_LIBRARIES = YES;
				BUNDLE_LOADER = "$(TEST_HOST)";
				CODE_SIGN_STYLE = Automatic;
				CURRENT_PROJECT_VERSION = 1;
				DEVELOPMENT_TEAM = GGBRYLM9ZW;
				GENERATE_INFOPLIST_FILE = YES;
				IPHONEOS_DEPLOYMENT_TARGET = 16.4;
				MARKETING_VERSION = 1.0;
				PRODUCT_BUNDLE_IDENTIFIER = dmitrijmartianov.GitReposAppTests;
				PRODUCT_NAME = "$(TARGET_NAME)";
				SWIFT_EMIT_LOC_STRINGS = NO;
				SWIFT_VERSION = 5.0;
				TARGETED_DEVICE_FAMILY = "1,2";
				TEST_HOST = "$(BUILT_PRODUCTS_DIR)/GitReposApp.app/$(BUNDLE_EXECUTABLE_FOLDER_PATH)/GitReposApp";
			};
			name = Release;
		};
		EF0D8E982CFA4A8A00F1ED63 /* Debug */ = {
			isa = XCBuildConfiguration;
			buildSettings = {
				ALWAYS_EMBED_SWIFT_STANDARD_LIBRARIES = YES;
				CODE_SIGN_STYLE = Automatic;
				CURRENT_PROJECT_VERSION = 1;
				DEVELOPMENT_TEAM = GGBRYLM9ZW;
				GENERATE_INFOPLIST_FILE = YES;
				MARKETING_VERSION = 1.0;
				PRODUCT_BUNDLE_IDENTIFIER = dmitrijmartianov.GitReposAppUITests;
				PRODUCT_NAME = "$(TARGET_NAME)";
				SWIFT_EMIT_LOC_STRINGS = NO;
				SWIFT_VERSION = 5.0;
				TARGETED_DEVICE_FAMILY = "1,2";
				TEST_TARGET_NAME = GitReposApp;
			};
			name = Debug;
		};
		EF0D8E992CFA4A8A00F1ED63 /* Release */ = {
			isa = XCBuildConfiguration;
			buildSettings = {
				ALWAYS_EMBED_SWIFT_STANDARD_LIBRARIES = YES;
				CODE_SIGN_STYLE = Automatic;
				CURRENT_PROJECT_VERSION = 1;
				DEVELOPMENT_TEAM = GGBRYLM9ZW;
				GENERATE_INFOPLIST_FILE = YES;
				MARKETING_VERSION = 1.0;
				PRODUCT_BUNDLE_IDENTIFIER = dmitrijmartianov.GitReposAppUITests;
				PRODUCT_NAME = "$(TARGET_NAME)";
				SWIFT_EMIT_LOC_STRINGS = NO;
				SWIFT_VERSION = 5.0;
				TARGETED_DEVICE_FAMILY = "1,2";
				TEST_TARGET_NAME = GitReposApp;
			};
			name = Release;
		};
/* End XCBuildConfiguration section */

/* Begin XCConfigurationList section */
		EF0D8E622CFA4A8400F1ED63 /* Build configuration list for PBXProject "GitReposApp" */ = {
			isa = XCConfigurationList;
			buildConfigurations = (
				EF0D8E8F2CFA4A8A00F1ED63 /* Debug */,
				EF0D8E902CFA4A8A00F1ED63 /* Release */,
			);
			defaultConfigurationIsVisible = 0;
			defaultConfigurationName = Release;
		};
		EF0D8E912CFA4A8A00F1ED63 /* Build configuration list for PBXNativeTarget "GitReposApp" */ = {
			isa = XCConfigurationList;
			buildConfigurations = (
				EF0D8E922CFA4A8A00F1ED63 /* Debug */,
				EF0D8E932CFA4A8A00F1ED63 /* Release */,
			);
			defaultConfigurationIsVisible = 0;
			defaultConfigurationName = Release;
		};
		EF0D8E942CFA4A8A00F1ED63 /* Build configuration list for PBXNativeTarget "GitReposAppTests" */ = {
			isa = XCConfigurationList;
			buildConfigurations = (
				EF0D8E952CFA4A8A00F1ED63 /* Debug */,
				EF0D8E962CFA4A8A00F1ED63 /* Release */,
			);
			defaultConfigurationIsVisible = 0;
			defaultConfigurationName = Release;
		};
		EF0D8E972CFA4A8A00F1ED63 /* Build configuration list for PBXNativeTarget "GitReposAppUITests" */ = {
			isa = XCConfigurationList;
			buildConfigurations = (
				EF0D8E982CFA4A8A00F1ED63 /* Debug */,
				EF0D8E992CFA4A8A00F1ED63 /* Release */,
			);
			defaultConfigurationIsVisible = 0;
			defaultConfigurationName = Release;
		};
/* End XCConfigurationList section */
	};
	rootObject = EF0D8E5F2CFA4A8400F1ED63 /* Project object */;
}
